
Microsoft Visual Studio Solution File, Format Version 12.00
# Visual Studio Version 17
VisualStudioVersion = 17.0.32014.148
MinimumVisualStudioVersion = 10.0.40219.1
Project("{9A19103F-16F7-4668-BE54-9A1E7A4F7556}") = "Metaphrast.Console", "Metaphrast.Console\Metaphrast.Console.csproj", "{C8C68925-EAEB-44DB-920F-3D6A52715F9D}"
EndProject
Project("{9A19103F-16F7-4668-BE54-9A1E7A4F7556}") = "Metaphrast.Test", "Metaphrast.Test\Metaphrast.Test.csproj", "{1ACFCC4A-AEA4-43EE-916C-B421FBD2FFFA}"
EndProject
Project("{9A19103F-16F7-4668-BE54-9A1E7A4F7556}") = "Metaphrast.Wpf", "Metaphrast.Wpf\Metaphrast.Wpf.csproj", "{DB84029E-4E7A-435D-96F3-287BC55007FE}"
EndProject
Project("{9A19103F-16F7-4668-BE54-9A1E7A4F7556}") = "MetaphrastSDK", "MetaphrastSDK\MetaphrastSDK.csproj", "{3B0F8DEB-3913-4340-82EC-0B0FF47D8131}"
EndProject
Global
	GlobalSection(SolutionConfigurationPlatforms) = preSolution
		Debug|Any CPU = Debug|Any CPU
		Release|Any CPU = Release|Any CPU
	EndGlobalSection
	GlobalSection(ProjectConfigurationPlatforms) = postSolution
		{C8C68925-EAEB-44DB-920F-3D6A52715F9D}.Debug|Any CPU.ActiveCfg = Debug|Any CPU
		{C8C68925-EAEB-44DB-920F-3D6A52715F9D}.Debug|Any CPU.Build.0 = Debug|Any CPU
		{C8C68925-EAEB-44DB-920F-3D6A52715F9D}.Release|Any CPU.ActiveCfg = Release|Any CPU
		{C8C68925-EAEB-44DB-920F-3D6A52715F9D}.Release|Any CPU.Build.0 = Release|Any CPU
		{1ACFCC4A-AEA4-43EE-916C-B421FBD2FFFA}.Debug|Any CPU.ActiveCfg = Debug|Any CPU
		{1ACFCC4A-AEA4-43EE-916C-B421FBD2FFFA}.Debug|Any CPU.Build.0 = Debug|Any CPU
		{1ACFCC4A-AEA4-43EE-916C-B421FBD2FFFA}.Release|Any CPU.ActiveCfg = Release|Any CPU
		{1ACFCC4A-AEA4-43EE-916C-B421FBD2FFFA}.Release|Any CPU.Build.0 = Release|Any CPU
		{DB84029E-4E7A-435D-96F3-287BC55007FE}.Debug|Any CPU.ActiveCfg = Debug|Any CPU
		{DB84029E-4E7A-435D-96F3-287BC55007FE}.Debug|Any CPU.Build.0 = Debug|Any CPU
		{DB84029E-4E7A-435D-96F3-287BC55007FE}.Release|Any CPU.ActiveCfg = Release|Any CPU
		{DB84029E-4E7A-435D-96F3-287BC55007FE}.Release|Any CPU.Build.0 = Release|Any CPU
		{3B0F8DEB-3913-4340-82EC-0B0FF47D8131}.Debug|Any CPU.ActiveCfg = Debug|Any CPU
		{3B0F8DEB-3913-4340-82EC-0B0FF47D8131}.Debug|Any CPU.Build.0 = Debug|Any CPU
		{3B0F8DEB-3913-4340-82EC-0B0FF47D8131}.Release|Any CPU.ActiveCfg = Release|Any CPU
		{3B0F8DEB-3913-4340-82EC-0B0FF47D8131}.Release|Any CPU.Build.0 = Release|Any CPU
	EndGlobalSection
	GlobalSection(SolutionProperties) = preSolution
		HideSolutionNode = FALSE
	EndGlobalSection
	GlobalSection(ExtensibilityGlobals) = postSolution
		SolutionGuid = {11BC5331-6DC5-457A-90CF-A1484CE44BB3}
	EndGlobalSection
EndGlobal
